
Microsoft Visual Studio Solution File, Format Version 12.00
# Visual Studio Version 16
VisualStudioVersion = 16.0.29503.13
MinimumVisualStudioVersion = 10.0.40219.1
Project("{9A19103F-16F7-4668-BE54-9A1E7A4F7556}") = "VideoGamePoker", "VideoGamePoker\VideoGamePoker.csproj", "{699E3393-08DE-44C9-8695-6ED97B4BEEF9}"
EndProject
Global
	GlobalSection(SolutionConfigurationPlatforms) = preSolution
		Debug|Any CPU = Debug|Any CPU
		Release|Any CPU = Release|Any CPU
	EndGlobalSection
	GlobalSection(ProjectConfigurationPlatforms) = postSolution
		{699E3393-08DE-44C9-8695-6ED97B4BEEF9}.Debug|Any CPU.ActiveCfg = Debug|Any CPU
		{699E3393-08DE-44C9-8695-6ED97B4BEEF9}.Debug|Any CPU.Build.0 = Debug|Any CPU
		{699E3393-08DE-44C9-8695-6ED97B4BEEF9}.Release|Any CPU.ActiveCfg = Release|Any CPU
		{699E3393-08DE-44C9-8695-6ED97B4BEEF9}.Release|Any CPU.Build.0 = Release|Any CPU
	EndGlobalSection
	GlobalSection(SolutionProperties) = preSolution
		HideSolutionNode = FALSE
	EndGlobalSection
	GlobalSection(ExtensibilityGlobals) = postSolution
		SolutionGuid = {5D7C054A-0C70-4F7C-B014-5E5AAFEA91B6}
	EndGlobalSection
EndGlobal
